
Microsoft Visual Studio Solution File, Format Version 12.00
# Visual Studio Version 18
VisualStudioVersion = 18.0.11205.157
MinimumVisualStudioVersion = 10.0.40219.1
Project("{2150E333-8FDC-42A3-9474-1A3956D46DE8}") = "src", "src", "{827E0CD3-B72D-47B6-A68D-7590B98EB39B}"
EndProject
Project("{FAE04EC0-301F-11D3-BF4B-00C04F79EFBC}") = "WorkTracker.Domain", "src\WorkTracker.Domain\WorkTracker.Domain.csproj", "{B7E035FD-D2BC-4711-922D-CA0C4F2459F0}"
EndProject
Project("{FAE04EC0-301F-11D3-BF4B-00C04F79EFBC}") = "WorkTracker.Application", "src\WorkTracker.Application\WorkTracker.Application.csproj", "{EA39198C-D010-4528-BD1C-69A951732F62}"
EndProject
Project("{FAE04EC0-301F-11D3-BF4B-00C04F79EFBC}") = "WorkTracker.Infrastructure", "src\WorkTracker.Infrastructure\WorkTracker.Infrastructure.csproj", "{0B092492-DC03-4DEF-8919-5CC1710CB7B8}"
EndProject
Project("{FAE04EC0-301F-11D3-BF4B-00C04F79EFBC}") = "WorkTracker.CLI", "src\WorkTracker.CLI\WorkTracker.CLI.csproj", "{DA3460E4-0827-4130-8DC8-1684C9ECACFE}"
EndProject
Project("{2150E333-8FDC-42A3-9474-1A3956D46DE8}") = "tests", "tests", "{0AB3BF05-4346-4AA6-1389-037BE0695223}"
EndProject
Project("{FAE04EC0-301F-11D3-BF4B-00C04F79EFBC}") = "WorkTracker.WPF", "src\WorkTracker.WPF\WorkTracker.WPF.csproj", "{94F19CB3-E080-A521-9FAB-B8EDC5520D36}"
EndProject
Project("{2150E333-8FDC-42A3-9474-1A3956D46DE8}") = "plugins", "plugins", "{58D3A2C3-F96F-5E57-2C6B-ECE59D6A18FC}"
EndProject
Project("{FAE04EC0-301F-11D3-BF4B-00C04F79EFBC}") = "WorkTracker.Plugin.Tempo", "plugins\WorkTracker.Plugin.Tempo\WorkTracker.Plugin.Tempo.csproj", "{6CC696E9-A412-41F4-BF6B-4ABD6ABEA63A}"
EndProject
Project("{FAE04EC0-301F-11D3-BF4B-00C04F79EFBC}") = "WorkTracker.Plugin.Abstractions", "src\WorkTracker.Plugin.Abstractions\WorkTracker.Plugin.Abstractions.csproj", "{D4FDF18C-E676-4B2D-B56E-046C93DF812E}"
EndProject
Project("{FAE04EC0-301F-11D3-BF4B-00C04F79EFBC}") = "WorkTracker.Domain.Tests", "tests\WorkTracker.Domain.Tests\WorkTracker.Domain.Tests.csproj", "{33350408-E9A2-42E6-A09B-CECC6995E468}"
EndProject
Project("{FAE04EC0-301F-11D3-BF4B-00C04F79EFBC}") = "WorkTracker.Application.Tests", "tests\WorkTracker.Application.Tests\WorkTracker.Application.Tests.csproj", "{E8D1DF48-1841-43F7-B9AF-083349D12CF9}"
EndProject
Project("{FAE04EC0-301F-11D3-BF4B-00C04F79EFBC}") = "WorkTracker.Infrastructure.Tests", "tests\WorkTracker.Infrastructure.Tests\WorkTracker.Infrastructure.Tests.csproj", "{FF94F263-ADFF-40E1-BE12-BE68BC5D0644}"
EndProject
Project("{2150E333-8FDC-42A3-9474-1A3956D46DE8}") = "docs", "docs", "{02EA681E-C7D8-13C7-8484-4AC65E1B71E8}"
	ProjectSection(SolutionItems) = preProject
		docs\API_DOCUMENTATION.md = docs\API_DOCUMENTATION.md
		docs\DEVELOPER_GUIDE.md = docs\DEVELOPER_GUIDE.md
		docs\PLUGIN_DEVELOPMENT.md = docs\PLUGIN_DEVELOPMENT.md
		docs\USER_GUIDE.md = docs\USER_GUIDE.md
	EndProjectSection
EndProject
Project("{2150E333-8FDC-42A3-9474-1A3956D46DE8}") = "Solution Items", "Solution Items", "{8EC462FD-D22E-90A8-E5CE-7E832BA40C5D}"
	ProjectSection(SolutionItems) = preProject
		.editorconfig = .editorconfig
		.gitignore = .gitignore
		ARCHITECTURE_REVIEW.md = ARCHITECTURE_REVIEW.md
		Directory.Build.props = Directory.Build.props
		README.md = README.md
	EndProjectSection
EndProject
Project("{FAE04EC0-301F-11D3-BF4B-00C04F79EFBC}") = "WorkTracker.UI.Shared", "src\WorkTracker.UI.Shared\WorkTracker.UI.Shared.csproj", "{2285167D-EEDD-7DA4-D524-178B6DDE4A63}"
EndProject
Project("{FAE04EC0-301F-11D3-BF4B-00C04F79EFBC}") = "WorkTracker.Avalonia", "src\WorkTracker.Avalonia\WorkTracker.Avalonia.csproj", "{366315F7-43E2-E813-6885-1AF9F9C5C295}"
EndProject
Project("{FAE04EC0-301F-11D3-BF4B-00C04F79EFBC}") = "WorkTracker.UI.Shared.Tests", "tests\WorkTracker.UI.Shared.Tests\WorkTracker.UI.Shared.Tests.csproj", "{0BE7DB09-73C2-4F47-9571-8B3367A4399E}"
EndProject
Global
	GlobalSection(SolutionConfigurationPlatforms) = preSolution
		Debug|Any CPU = Debug|Any CPU
		Debug|x64 = Debug|x64
		Debug|x86 = Debug|x86
		Release|Any CPU = Release|Any CPU
		Release|x64 = Release|x64
		Release|x86 = Release|x86
	EndGlobalSection
	GlobalSection(ProjectConfigurationPlatforms) = postSolution
		{B7E035FD-D2BC-4711-922D-CA0C4F2459F0}.Debug|Any CPU.ActiveCfg = Debug|Any CPU
		{B7E035FD-D2BC-4711-922D-CA0C4F2459F0}.Debug|Any CPU.Build.0 = Debug|Any CPU
		{B7E035FD-D2BC-4711-922D-CA0C4F2459F0}.Debug|x64.ActiveCfg = Debug|Any CPU
		{B7E035FD-D2BC-4711-922D-CA0C4F2459F0}.Debug|x64.Build.0 = Debug|Any CPU
		{B7E035FD-D2BC-4711-922D-CA0C4F2459F0}.Debug|x86.ActiveCfg = Debug|Any CPU
		{B7E035FD-D2BC-4711-922D-CA0C4F2459F0}.Debug|x86.Build.0 = Debug|Any CPU
		{B7E035FD-D2BC-4711-922D-CA0C4F2459F0}.Release|Any CPU.ActiveCfg = Release|Any CPU
		{B7E035FD-D2BC-4711-922D-CA0C4F2459F0}.Release|Any CPU.Build.0 = Release|Any CPU
		{B7E035FD-D2BC-4711-922D-CA0C4F2459F0}.Release|x64.ActiveCfg = Release|Any CPU
		{B7E035FD-D2BC-4711-922D-CA0C4F2459F0}.Release|x64.Build.0 = Release|Any CPU
		{B7E035FD-D2BC-4711-922D-CA0C4F2459F0}.Release|x86.ActiveCfg = Release|Any CPU
		{B7E035FD-D2BC-4711-922D-CA0C4F2459F0}.Release|x86.Build.0 = Release|Any CPU
		{EA39198C-D010-4528-BD1C-69A951732F62}.Debug|Any CPU.ActiveCfg = Debug|Any CPU
		{EA39198C-D010-4528-BD1C-69A951732F62}.Debug|Any CPU.Build.0 = Debug|Any CPU
		{EA39198C-D010-4528-BD1C-69A951732F62}.Debug|x64.ActiveCfg = Debug|Any CPU
		{EA39198C-D010-4528-BD1C-69A951732F62}.Debug|x64.Build.0 = Debug|Any CPU
		{EA39198C-D010-4528-BD1C-69A951732F62}.Debug|x86.ActiveCfg = Debug|Any CPU
		{EA39198C-D010-4528-BD1C-69A951732F62}.Debug|x86.Build.0 = Debug|Any CPU
		{EA39198C-D010-4528-BD1C-69A951732F62}.Release|Any CPU.ActiveCfg = Release|Any CPU
		{EA39198C-D010-4528-BD1C-69A951732F62}.Release|Any CPU.Build.0 = Release|Any CPU
		{EA39198C-D010-4528-BD1C-69A951732F62}.Release|x64.ActiveCfg = Release|Any CPU
		{EA39198C-D010-4528-BD1C-69A951732F62}.Release|x64.Build.0 = Release|Any CPU
		{EA39198C-D010-4528-BD1C-69A951732F62}.Release|x86.ActiveCfg = Release|Any CPU
		{EA39198C-D010-4528-BD1C-69A951732F62}.Release|x86.Build.0 = Release|Any CPU
		{0B092492-DC03-4DEF-8919-5CC1710CB7B8}.Debug|Any CPU.ActiveCfg = Debug|Any CPU
		{0B092492-DC03-4DEF-8919-5CC1710CB7B8}.Debug|Any CPU.Build.0 = Debug|Any CPU
		{0B092492-DC03-4DEF-8919-5CC1710CB7B8}.Debug|x64.ActiveCfg = Debug|Any CPU
		{0B092492-DC03-4DEF-8919-5CC1710CB7B8}.Debug|x64.Build.0 = Debug|Any CPU
		{0B092492-DC03-4DEF-8919-5CC1710CB7B8}.Debug|x86.ActiveCfg = Debug|Any CPU
		{0B092492-DC03-4DEF-8919-5CC1710CB7B8}.Debug|x86.Build.0 = Debug|Any CPU
		{0B092492-DC03-4DEF-8919-5CC1710CB7B8}.Release|Any CPU.ActiveCfg = Release|Any CPU
		{0B092492-DC03-4DEF-8919-5CC1710CB7B8}.Release|Any CPU.Build.0 = Release|Any CPU
		{0B092492-DC03-4DEF-8919-5CC1710CB7B8}.Release|x64.ActiveCfg = Release|Any CPU
		{0B092492-DC03-4DEF-8919-5CC1710CB7B8}.Release|x64.Build.0 = Release|Any CPU
		{0B092492-DC03-4DEF-8919-5CC1710CB7B8}.Release|x86.ActiveCfg = Release|Any CPU
		{0B092492-DC03-4DEF-8919-5CC1710CB7B8}.Release|x86.Build.0 = Release|Any CPU
		{DA3460E4-0827-4130-8DC8-1684C9ECACFE}.Debug|Any CPU.ActiveCfg = Debug|Any CPU
		{DA3460E4-0827-4130-8DC8-1684C9ECACFE}.Debug|Any CPU.Build.0 = Debug|Any CPU
		{DA3460E4-0827-4130-8DC8-1684C9ECACFE}.Debug|x64.ActiveCfg = Debug|Any CPU
		{DA3460E4-0827-4130-8DC8-1684C9ECACFE}.Debug|x64.Build.0 = Debug|Any CPU
		{DA3460E4-0827-4130-8DC8-1684C9ECACFE}.Debug|x86.ActiveCfg = Debug|Any CPU
		{DA3460E4-0827-4130-8DC8-1684C9ECACFE}.Debug|x86.Build.0 = Debug|Any CPU
		{DA3460E4-0827-4130-8DC8-1684C9ECACFE}.Release|Any CPU.ActiveCfg = Release|Any CPU
		{DA3460E4-0827-4130-8DC8-1684C9ECACFE}.Release|Any CPU.Build.0 = Release|Any CPU
		{DA3460E4-0827-4130-8DC8-1684C9ECACFE}.Release|x64.ActiveCfg = Release|Any CPU
		{DA3460E4-0827-4130-8DC8-1684C9ECACFE}.Release|x64.Build.0 = Release|Any CPU
		{DA3460E4-0827-4130-8DC8-1684C9ECACFE}.Release|x86.ActiveCfg = Release|Any CPU
		{DA3460E4-0827-4130-8DC8-1684C9ECACFE}.Release|x86.Build.0 = Release|Any CPU
		{94F19CB3-E080-A521-9FAB-B8EDC5520D36}.Debug|Any CPU.ActiveCfg = Debug|Any CPU
		{94F19CB3-E080-A521-9FAB-B8EDC5520D36}.Debug|Any CPU.Build.0 = Debug|Any CPU
		{94F19CB3-E080-A521-9FAB-B8EDC5520D36}.Debug|x64.ActiveCfg = Debug|Any CPU
		{94F19CB3-E080-A521-9FAB-B8EDC5520D36}.Debug|x64.Build.0 = Debug|Any CPU
		{94F19CB3-E080-A521-9FAB-B8EDC5520D36}.Debug|x86.ActiveCfg = Debug|Any CPU
		{94F19CB3-E080-A521-9FAB-B8EDC5520D36}.Debug|x86.Build.0 = Debug|Any CPU
		{94F19CB3-E080-A521-9FAB-B8EDC5520D36}.Release|Any CPU.ActiveCfg = Release|Any CPU
		{94F19CB3-E080-A521-9FAB-B8EDC5520D36}.Release|Any CPU.Build.0 = Release|Any CPU
		{94F19CB3-E080-A521-9FAB-B8EDC5520D36}.Release|x64.ActiveCfg = Release|Any CPU
		{94F19CB3-E080-A521-9FAB-B8EDC5520D36}.Release|x64.Build.0 = Release|Any CPU
		{94F19CB3-E080-A521-9FAB-B8EDC5520D36}.Release|x86.ActiveCfg = Release|Any CPU
		{94F19CB3-E080-A521-9FAB-B8EDC5520D36}.Release|x86.Build.0 = Release|Any CPU
		{6CC696E9-A412-41F4-BF6B-4ABD6ABEA63A}.Debug|Any CPU.ActiveCfg = Debug|Any CPU
		{6CC696E9-A412-41F4-BF6B-4ABD6ABEA63A}.Debug|Any CPU.Build.0 = Debug|Any CPU
		{6CC696E9-A412-41F4-BF6B-4ABD6ABEA63A}.Debug|x64.ActiveCfg = Debug|Any CPU
		{6CC696E9-A412-41F4-BF6B-4ABD6ABEA63A}.Debug|x64.Build.0 = Debug|Any CPU
		{6CC696E9-A412-41F4-BF6B-4ABD6ABEA63A}.Debug|x86.ActiveCfg = Debug|Any CPU
		{6CC696E9-A412-41F4-BF6B-4ABD6ABEA63A}.Debug|x86.Build.0 = Debug|Any CPU
		{6CC696E9-A412-41F4-BF6B-4ABD6ABEA63A}.Release|Any CPU.ActiveCfg = Release|Any CPU
		{6CC696E9-A412-41F4-BF6B-4ABD6ABEA63A}.Release|Any CPU.Build.0 = Release|Any CPU
		{6CC696E9-A412-41F4-BF6B-4ABD6ABEA63A}.Release|x64.ActiveCfg = Release|Any CPU
		{6CC696E9-A412-41F4-BF6B-4ABD6ABEA63A}.Release|x64.Build.0 = Release|Any CPU
		{6CC696E9-A412-41F4-BF6B-4ABD6ABEA63A}.Release|x86.ActiveCfg = Release|Any CPU
		{6CC696E9-A412-41F4-BF6B-4ABD6ABEA63A}.Release|x86.Build.0 = Release|Any CPU
		{D4FDF18C-E676-4B2D-B56E-046C93DF812E}.Debug|Any CPU.ActiveCfg = Debug|Any CPU
		{D4FDF18C-E676-4B2D-B56E-046C93DF812E}.Debug|Any CPU.Build.0 = Debug|Any CPU
		{D4FDF18C-E676-4B2D-B56E-046C93DF812E}.Debug|x64.ActiveCfg = Debug|Any CPU
		{D4FDF18C-E676-4B2D-B56E-046C93DF812E}.Debug|x64.Build.0 = Debug|Any CPU
		{D4FDF18C-E676-4B2D-B56E-046C93DF812E}.Debug|x86.ActiveCfg = Debug|Any CPU
		{D4FDF18C-E676-4B2D-B56E-046C93DF812E}.Debug|x86.Build.0 = Debug|Any CPU
		{D4FDF18C-E676-4B2D-B56E-046C93DF812E}.Release|Any CPU.ActiveCfg = Release|Any CPU
		{D4FDF18C-E676-4B2D-B56E-046C93DF812E}.Release|Any CPU.Build.0 = Release|Any CPU
		{D4FDF18C-E676-4B2D-B56E-046C93DF812E}.Release|x64.ActiveCfg = Release|Any CPU
		{D4FDF18C-E676-4B2D-B56E-046C93DF812E}.Release|x64.Build.0 = Release|Any CPU
		{D4FDF18C-E676-4B2D-B56E-046C93DF812E}.Release|x86.ActiveCfg = Release|Any CPU
		{D4FDF18C-E676-4B2D-B56E-046C93DF812E}.Release|x86.Build.0 = Release|Any CPU
		{33350408-E9A2-42E6-A09B-CECC6995E468}.Debug|Any CPU.ActiveCfg = Debug|Any CPU
		{33350408-E9A2-42E6-A09B-CECC6995E468}.Debug|Any CPU.Build.0 = Debug|Any CPU
		{33350408-E9A2-42E6-A09B-CECC6995E468}.Debug|x64.ActiveCfg = Debug|Any CPU
		{33350408-E9A2-42E6-A09B-CECC6995E468}.Debug|x64.Build.0 = Debug|Any CPU
		{33350408-E9A2-42E6-A09B-CECC6995E468}.Debug|x86.ActiveCfg = Debug|Any CPU
		{33350408-E9A2-42E6-A09B-CECC6995E468}.Debug|x86.Build.0 = Debug|Any CPU
		{33350408-E9A2-42E6-A09B-CECC6995E468}.Release|Any CPU.ActiveCfg = Release|Any CPU
		{33350408-E9A2-42E6-A09B-CECC6995E468}.Release|Any CPU.Build.0 = Release|Any CPU
		{33350408-E9A2-42E6-A09B-CECC6995E468}.Release|x64.ActiveCfg = Release|Any CPU
		{33350408-E9A2-42E6-A09B-CECC6995E468}.Release|x64.Build.0 = Release|Any CPU
		{33350408-E9A2-42E6-A09B-CECC6995E468}.Release|x86.ActiveCfg = Release|Any CPU
		{33350408-E9A2-42E6-A09B-CECC6995E468}.Release|x86.Build.0 = Release|Any CPU
		{E8D1DF48-1841-43F7-B9AF-083349D12CF9}.Debug|Any CPU.ActiveCfg = Debug|Any CPU
		{E8D1DF48-1841-43F7-B9AF-083349D12CF9}.Debug|Any CPU.Build.0 = Debug|Any CPU
		{E8D1DF48-1841-43F7-B9AF-083349D12CF9}.Debug|x64.ActiveCfg = Debug|Any CPU
		{E8D1DF48-1841-43F7-B9AF-083349D12CF9}.Debug|x64.Build.0 = Debug|Any CPU
		{E8D1DF48-1841-43F7-B9AF-083349D12CF9}.Debug|x86.ActiveCfg = Debug|Any CPU
		{E8D1DF48-1841-43F7-B9AF-083349D12CF9}.Debug|x86.Build.0 = Debug|Any CPU
		{E8D1DF48-1841-43F7-B9AF-083349D12CF9}.Release|Any CPU.ActiveCfg = Release|Any CPU
		{E8D1DF48-1841-43F7-B9AF-083349D12CF9}.Release|Any CPU.Build.0 = Release|Any CPU
		{E8D1DF48-1841-43F7-B9AF-083349D12CF9}.Release|x64.ActiveCfg = Release|Any CPU
		{E8D1DF48-1841-43F7-B9AF-083349D12CF9}.Release|x64.Build.0 = Release|Any CPU
		{E8D1DF48-1841-43F7-B9AF-083349D12CF9}.Release|x86.ActiveCfg = Release|Any CPU
		{E8D1DF48-1841-43F7-B9AF-083349D12CF9}.Release|x86.Build.0 = Release|Any CPU
		{FF94F263-ADFF-40E1-BE12-BE68BC5D0644}.Debug|Any CPU.ActiveCfg = Debug|Any CPU
		{FF94F263-ADFF-40E1-BE12-BE68BC5D0644}.Debug|Any CPU.Build.0 = Debug|Any CPU
		{FF94F263-ADFF-40E1-BE12-BE68BC5D0644}.Debug|x64.ActiveCfg = Debug|Any CPU
		{FF94F263-ADFF-40E1-BE12-BE68BC5D0644}.Debug|x64.Build.0 = Debug|Any CPU
		{FF94F263-ADFF-40E1-BE12-BE68BC5D0644}.Debug|x86.ActiveCfg = Debug|Any CPU
		{FF94F263-ADFF-40E1-BE12-BE68BC5D0644}.Debug|x86.Build.0 = Debug|Any CPU
		{FF94F263-ADFF-40E1-BE12-BE68BC5D0644}.Release|Any CPU.ActiveCfg = Release|Any CPU
		{FF94F263-ADFF-40E1-BE12-BE68BC5D0644}.Release|Any CPU.Build.0 = Release|Any CPU
		{FF94F263-ADFF-40E1-BE12-BE68BC5D0644}.Release|x64.ActiveCfg = Release|Any CPU
		{FF94F263-ADFF-40E1-BE12-BE68BC5D0644}.Release|x64.Build.0 = Release|Any CPU
		{FF94F263-ADFF-40E1-BE12-BE68BC5D0644}.Release|x86.ActiveCfg = Release|Any CPU
		{FF94F263-ADFF-40E1-BE12-BE68BC5D0644}.Release|x86.Build.0 = Release|Any CPU
		{2285167D-EEDD-7DA4-D524-178B6DDE4A63}.Debug|Any CPU.ActiveCfg = Debug|Any CPU
		{2285167D-EEDD-7DA4-D524-178B6DDE4A63}.Debug|Any CPU.Build.0 = Debug|Any CPU
		{2285167D-EEDD-7DA4-D524-178B6DDE4A63}.Debug|x64.ActiveCfg = Debug|Any CPU
		{2285167D-EEDD-7DA4-D524-178B6DDE4A63}.Debug|x64.Build.0 = Debug|Any CPU
		{2285167D-EEDD-7DA4-D524-178B6DDE4A63}.Debug|x86.ActiveCfg = Debug|Any CPU
		{2285167D-EEDD-7DA4-D524-178B6DDE4A63}.Debug|x86.Build.0 = Debug|Any CPU
		{2285167D-EEDD-7DA4-D524-178B6DDE4A63}.Release|Any CPU.ActiveCfg = Release|Any CPU
		{2285167D-EEDD-7DA4-D524-178B6DDE4A63}.Release|Any CPU.Build.0 = Release|Any CPU
		{2285167D-EEDD-7DA4-D524-178B6DDE4A63}.Release|x64.ActiveCfg = Release|Any CPU
		{2285167D-EEDD-7DA4-D524-178B6DDE4A63}.Release|x64.Build.0 = Release|Any CPU
		{2285167D-EEDD-7DA4-D524-178B6DDE4A63}.Release|x86.ActiveCfg = Release|Any CPU
		{2285167D-EEDD-7DA4-D524-178B6DDE4A63}.Release|x86.Build.0 = Release|Any CPU
		{366315F7-43E2-E813-6885-1AF9F9C5C295}.Debug|Any CPU.ActiveCfg = Debug|Any CPU
		{366315F7-43E2-E813-6885-1AF9F9C5C295}.Debug|Any CPU.Build.0 = Debug|Any CPU
		{366315F7-43E2-E813-6885-1AF9F9C5C295}.Debug|x64.ActiveCfg = Debug|Any CPU
		{366315F7-43E2-E813-6885-1AF9F9C5C295}.Debug|x64.Build.0 = Debug|Any CPU
		{366315F7-43E2-E813-6885-1AF9F9C5C295}.Debug|x86.ActiveCfg = Debug|Any CPU
		{366315F7-43E2-E813-6885-1AF9F9C5C295}.Debug|x86.Build.0 = Debug|Any CPU
		{366315F7-43E2-E813-6885-1AF9F9C5C295}.Release|Any CPU.ActiveCfg = Release|Any CPU
		{366315F7-43E2-E813-6885-1AF9F9C5C295}.Release|Any CPU.Build.0 = Release|Any CPU
		{366315F7-43E2-E813-6885-1AF9F9C5C295}.Release|x64.ActiveCfg = Release|Any CPU
		{366315F7-43E2-E813-6885-1AF9F9C5C295}.Release|x64.Build.0 = Release|Any CPU
		{366315F7-43E2-E813-6885-1AF9F9C5C295}.Release|x86.ActiveCfg = Release|Any CPU
		{366315F7-43E2-E813-6885-1AF9F9C5C295}.Release|x86.Build.0 = Release|Any CPU
		{0BE7DB09-73C2-4F47-9571-8B3367A4399E}.Debug|Any CPU.ActiveCfg = Debug|Any CPU
		{0BE7DB09-73C2-4F47-9571-8B3367A4399E}.Debug|Any CPU.Build.0 = Debug|Any CPU
		{0BE7DB09-73C2-4F47-9571-8B3367A4399E}.Debug|x64.ActiveCfg = Debug|Any CPU
		{0BE7DB09-73C2-4F47-9571-8B3367A4399E}.Debug|x64.Build.0 = Debug|Any CPU
		{0BE7DB09-73C2-4F47-9571-8B3367A4399E}.Debug|x86.ActiveCfg = Debug|Any CPU
		{0BE7DB09-73C2-4F47-9571-8B3367A4399E}.Debug|x86.Build.0 = Debug|Any CPU
		{0BE7DB09-73C2-4F47-9571-8B3367A4399E}.Release|Any CPU.ActiveCfg = Release|Any CPU
		{0BE7DB09-73C2-4F47-9571-8B3367A4399E}.Release|Any CPU.Build.0 = Release|Any CPU
		{0BE7DB09-73C2-4F47-9571-8B3367A4399E}.Release|x64.ActiveCfg = Release|Any CPU
		{0BE7DB09-73C2-4F47-9571-8B3367A4399E}.Release|x64.Build.0 = Release|Any CPU
		{0BE7DB09-73C2-4F47-9571-8B3367A4399E}.Release|x86.ActiveCfg = Release|Any CPU
		{0BE7DB09-73C2-4F47-9571-8B3367A4399E}.Release|x86.Build.0 = Release|Any CPU
	EndGlobalSection
	GlobalSection(SolutionProperties) = preSolution
		HideSolutionNode = FALSE
	EndGlobalSection
	GlobalSection(NestedProjects) = preSolution
		{B7E035FD-D2BC-4711-922D-CA0C4F2459F0} = {827E0CD3-B72D-47B6-A68D-7590B98EB39B}
		{EA39198C-D010-4528-BD1C-69A951732F62} = {827E0CD3-B72D-47B6-A68D-7590B98EB39B}
		{0B092492-DC03-4DEF-8919-5CC1710CB7B8} = {827E0CD3-B72D-47B6-A68D-7590B98EB39B}
		{DA3460E4-0827-4130-8DC8-1684C9ECACFE} = {827E0CD3-B72D-47B6-A68D-7590B98EB39B}
		{94F19CB3-E080-A521-9FAB-B8EDC5520D36} = {827E0CD3-B72D-47B6-A68D-7590B98EB39B}
		{58D3A2C3-F96F-5E57-2C6B-ECE59D6A18FC} = {827E0CD3-B72D-47B6-A68D-7590B98EB39B}
		{6CC696E9-A412-41F4-BF6B-4ABD6ABEA63A} = {58D3A2C3-F96F-5E57-2C6B-ECE59D6A18FC}
		{D4FDF18C-E676-4B2D-B56E-046C93DF812E} = {827E0CD3-B72D-47B6-A68D-7590B98EB39B}
		{33350408-E9A2-42E6-A09B-CECC6995E468} = {0AB3BF05-4346-4AA6-1389-037BE0695223}
		{E8D1DF48-1841-43F7-B9AF-083349D12CF9} = {0AB3BF05-4346-4AA6-1389-037BE0695223}
		{FF94F263-ADFF-40E1-BE12-BE68BC5D0644} = {0AB3BF05-4346-4AA6-1389-037BE0695223}
		{2285167D-EEDD-7DA4-D524-178B6DDE4A63} = {827E0CD3-B72D-47B6-A68D-7590B98EB39B}
		{366315F7-43E2-E813-6885-1AF9F9C5C295} = {827E0CD3-B72D-47B6-A68D-7590B98EB39B}
		{0BE7DB09-73C2-4F47-9571-8B3367A4399E} = {0AB3BF05-4346-4AA6-1389-037BE0695223}
	EndGlobalSection
	GlobalSection(ExtensibilityGlobals) = postSolution
		SolutionGuid = {1B78C5B2-A330-4865-906C-A03DBC776958}
	EndGlobalSection
EndGlobal
